<?xml version="1.0" encoding="utf-8"?>
<Project ToolsVersion="4.0" xmlns="http://schemas.microsoft.com/developer/msbuild/2003">
  <ItemGroup>
    <Filter Include="Header Files">
      <UniqueIdentifier>{93995380-89BD-4b04-88EB-625FBE52EBFB}</UniqueIdentifier>
      <Extensions>h;hh;hpp;hxx;hm;inl;inc;xsd</Extensions>
    </Filter>
    <Filter Include="Periphery">
      <UniqueIdentifier>{c8e4112a-5db0-4bfc-b96d-b0da924f97d1}</UniqueIdentifier>
    </Filter>
    <Filter Include="Regulators">
      <UniqueIdentifier>{24ca3dc1-c97e-4636-9035-b9a662611b25}</UniqueIdentifier>
    </Filter>
    <Filter Include="Sensors">
      <UniqueIdentifier>{3496ba20-6c35-434a-b13b-66bba29a881b}</UniqueIdentifier>
    </Filter>
    <Filter Include="Movement">
      <UniqueIdentifier>{4a2b8717-7772-4044-a52c-91813aba7f7f}</UniqueIdentifier>
    </Filter>
    <Filter Include="ResourceLocker">
      <UniqueIdentifier>{14aefdb1-f72b-4bc1-abc0-f32d91fdb41c}</UniqueIdentifier>
    </Filter>
    <Filter Include="Task">
      <UniqueIdentifier>{429393ce-64a5-464c-b1c7-56e73652b0ac}</UniqueIdentifier>
    </Filter>
    <Filter Include="Exceptions">
      <UniqueIdentifier>{11b3a400-1d23-48aa-b5a4-8b5c894580f5}</UniqueIdentifier>
    </Filter>
    <Filter Include="Communication">
      <UniqueIdentifier>{9a6d2af5-e41f-4529-a634-21b71baea0f5}</UniqueIdentifier>
    </Filter>
    <Filter Include="Communication\ConnectionProviders">
      <UniqueIdentifier>{6ab8fb40-4187-4b2a-bd61-db97cbc32c9b}</UniqueIdentifier>
    </Filter>
    <Filter Include="Communication\Communicators">
      <UniqueIdentifier>{ebb643b3-9417-40fa-8d5e-bdc6680c6d18}</UniqueIdentifier>
    </Filter>
    <Filter Include="Utils">
      <UniqueIdentifier>{8184dbe4-b7e0-40c9-a558-a42539889d69}</UniqueIdentifier>
    </Filter>
    <Filter Include="Utils\Math">
      <UniqueIdentifier>{6b9ac58c-23c7-4df8-a7c1-e1d4f386db03}</UniqueIdentifier>
    </Filter>
    <Filter Include="Main">
      <UniqueIdentifier>{7b3ff783-a8cd-4f20-afec-28d529e3f64b}</UniqueIdentifier>
    </Filter>
    <Filter Include="Exceptions\RegisterExceptions">
      <UniqueIdentifier>{1e85c45b-43d3-4bdd-93fb-be2db0210e7f}</UniqueIdentifier>
    </Filter>
    <Filter Include="Communication\RegisterMessages">
      <UniqueIdentifier>{a45f4c0e-8ca1-43c3-b683-db386f548d5a}</UniqueIdentifier>
    </Filter>
    <Filter Include="Periphery\Manipulator">
      <UniqueIdentifier>{18a62e95-75ab-4b98-b570-2401208d5b9b}</UniqueIdentifier>
    </Filter>
    <Filter Include="Periphery\Camera">
      <UniqueIdentifier>{7c8390b9-01aa-4a85-b17e-05d9ec040e5c}</UniqueIdentifier>
    </Filter>
    <Filter Include="Task\Tasks">
      <UniqueIdentifier>{687622c0-4872-4b44-9e76-b1af83b3b04f}</UniqueIdentifier>
    </Filter>
    <Filter Include="Movement\Motors">
      <UniqueIdentifier>{584a5188-cd97-4608-a6f2-99878b049328}</UniqueIdentifier>
    </Filter>
  </ItemGroup>
  <ItemGroup>
    <None Include="MATE_ROV_2017_DNO.ino" />
  </ItemGroup>
  <ItemGroup>
    <ClInclude Include="__vm\.MATE_ROV_2017_DNO.vsarduino.h">
      <Filter>Header Files</Filter>
    </ClInclude>
    <ClInclude Include="PidCoefficients.h">
      <Filter>Header Files</Filter>
    </ClInclude>
    <ClInclude Include="PeripheryManager.h">
      <Filter>Periphery</Filter>
    </ClInclude>
    <ClInclude Include="FlashlightPeriphery.h">
      <Filter>Periphery</Filter>
    </ClInclude>
    <ClInclude Include="AngularVelocityRegulator.h">
      <Filter>Regulators</Filter>
    </ClInclude>
    <ClInclude Include="CourseRegulator.h">
      <Filter>Regulators</Filter>
    </ClInclude>
    <ClInclude Include="DepthRegulator.h">
      <Filter>Regulators</Filter>
    </ClInclude>
    <ClInclude Include="RotationRegulator.h">
      <Filter>Regulators</Filter>
    </ClInclude>
    <ClInclude Include="PositionRegulator.h">
      <Filter>Regulators</Filter>
    </ClInclude>
    <ClInclude Include="VelocityRegulator.h">
      <Filter>Regulators</Filter>
    </ClInclude>
    <ClInclude Include="SensorRotation.h">
      <Filter>Sensors</Filter>
    </ClInclude>
    <ClInclude Include="SensorManager.h">
      <Filter>Sensors</Filter>
    </ClInclude>
    <ClInclude Include="SensorDepth.h">
      <Filter>Sensors</Filter>
    </ClInclude>
    <ClInclude Include="Regulators.h">
      <Filter>Regulators</Filter>
    </ClInclude>
    <ClInclude Include="MotorsForceDistributor.h">
      <Filter>Movement</Filter>
    </ClInclude>
    <ClInclude Include="Motors.h">
      <Filter>Movement</Filter>
    </ClInclude>
    <ClInclude Include="Motor.h">
      <Filter>Movement</Filter>
    </ClInclude>
    <ClInclude Include="Movement.h">
      <Filter>Movement</Filter>
    </ClInclude>
    <ClInclude Include="LocalMotorsForceDistributor.h">
      <Filter>Movement</Filter>
    </ClInclude>
    <ClInclude Include="CoordinateSystemConverter.h">
      <Filter>Utils\Math</Filter>
    </ClInclude>
    <ClInclude Include="ResourceLocker.h">
      <Filter>ResourceLocker</Filter>
    </ClInclude>
    <ClInclude Include="Task.h">
      <Filter>Task</Filter>
    </ClInclude>
    <ClInclude Include="TaskPool.h">
      <Filter>Task</Filter>
    </ClInclude>
    <ClInclude Include="TaskState.h">
      <Filter>Task</Filter>
    </ClInclude>
    <ClInclude Include="ConnectionProvider.h">
      <Filter>Communication\ConnectionProviders</Filter>
    </ClInclude>
    <ClInclude Include="UdpConnectionProvider.h">
      <Filter>Communication\ConnectionProviders</Filter>
    </ClInclude>
    <ClInclude Include="Exceptions.h">
      <Filter>Exceptions</Filter>
    </ClInclude>
    <ClInclude Include="List.h">
      <Filter>Utils</Filter>
    </ClInclude>
    <ClInclude Include="SetFlashlightStateMessage.h">
      <Filter>Communication\RegisterMessages</Filter>
    </ClInclude>
    <ClInclude Include="Messages.h">
      <Filter>Communication</Filter>
    </ClInclude>
    <ClInclude Include="Communicator.h">
      <Filter>Communication\Communicators</Filter>
    </ClInclude>
    <ClInclude Include="StdCommunicator.h">
      <Filter>Communication\Communicators</Filter>
    </ClInclude>
    <ClInclude Include="Map.h">
      <Filter>Utils</Filter>
    </ClInclude>
    <ClInclude Include="SharedPtr.h">
      <Filter>Utils</Filter>
    </ClInclude>
    <ClInclude Include="ByteArray.h">
      <Filter>Utils</Filter>
    </ClInclude>
    <ClInclude Include="SelfExpandoContainer.h">
      <Filter>Utils</Filter>
    </ClInclude>
    <ClInclude Include="DebugMotorsMain.h">
      <Filter>Main</Filter>
    </ClInclude>
    <ClInclude Include="StdMain.h">
      <Filter>Main</Filter>
    </ClInclude>
    <ClInclude Include="Main.h">
      <Filter>Main</Filter>
    </ClInclude>
    <ClInclude Include="RegisterExceptions.h">
      <Filter>Exceptions\RegisterExceptions</Filter>
    </ClInclude>
    <ClInclude Include="BlinkFlashlightMessage.h">
      <Filter>Communication\RegisterMessages</Filter>
    </ClInclude>
    <ClInclude Include="SetMotorsThrustMessage.h">
      <Filter>Communication\RegisterMessages</Filter>
    </ClInclude>
    <ClInclude Include="MathConstants.h">
      <Filter>Utils\Math</Filter>
    </ClInclude>
    <ClInclude Include="SetManipulatorPositionMessage.h">
      <Filter>Communication\RegisterMessages</Filter>
    </ClInclude>
    <ClInclude Include="ManipulatorPeriphery.h">
      <Filter>Periphery\Manipulator</Filter>
    </ClInclude>
    <ClInclude Include="PCA9685ServoMotor.h">
      <Filter>Periphery</Filter>
    </ClInclude>
    <ClInclude Include="CameraPeriphery.h">
      <Filter>Periphery\Camera</Filter>
    </ClInclude>
    <ClInclude Include="SetFlashlightStateTask.h">
      <Filter>Task\Tasks</Filter>
    </ClInclude>
    <ClInclude Include="BlinkFlashLightTask.h">
      <Filter>Task\Tasks</Filter>
    </ClInclude>
    <ClInclude Include="SendSensorDataTask.h">
      <Filter>Task\Tasks</Filter>
    </ClInclude>
    <ClInclude Include="SensorData.h">
      <Filter>Sensors</Filter>
    </ClInclude>
    <ClInclude Include="StartSendingSensorDataMessage.h">
      <Filter>Communication\RegisterMessages</Filter>
    </ClInclude>
    <ClInclude Include="PCA96685Motor.h">
      <Filter>Movement\Motors</Filter>
    </ClInclude>
    <ClInclude Include="MS5803SensorDepth.h">
      <Filter>Sensors</Filter>
    </ClInclude>
    <ClInclude Include="ReceiveBluetoothMessageTask.h">
      <Filter>Task\Tasks</Filter>
    </ClInclude>
    <ClInclude Include="StartBluetoothReadingMessage.h">
      <Filter>Communication\RegisterMessages</Filter>
    </ClInclude>
    <ClInclude Include="Debug.h">
      <Filter>Utils</Filter>
    </ClInclude>
    <ClInclude Include="FreeWorkerMessage.h">
      <Filter>Communication\RegisterMessages</Filter>
    </ClInclude>
    <ClInclude Include="Quaternions.h">
      <Filter>Utils\Math</Filter>
    </ClInclude>
    <ClInclude Include="I2CScanTask.h">
      <Filter>Task\Tasks</Filter>
    </ClInclude>
    <ClInclude Include="I2CScanMessage.h">
      <Filter>Communication\RegisterMessages</Filter>
    </ClInclude>
    <ClInclude Include="GetWorkerStateMessage.h">
      <Filter>Communication\RegisterMessages</Filter>
    </ClInclude>
    <ClInclude Include="GetLastUsedWorkerStateMessage.h">
      <Filter>Communication\RegisterMessages</Filter>
    </ClInclude>
    <ClInclude Include="SetLocalForceMessage.h">
      <Filter>Communication\RegisterMessages</Filter>
    </ClInclude>
    <ClInclude Include="UARTConnectionProvider.h">
      <Filter>Header Files</Filter>
    </ClInclude>
    <ClInclude Include="Libs\Adafruit_PWMServoDriver\Adafruit_PWMServoDriver.h">
      <Filter>Header Files</Filter>
    </ClInclude>
    <ClInclude Include="Libs\PID\PID_v1.h">
      <Filter>Header Files</Filter>
    </ClInclude>
    <ClInclude Include="Libs\MS5803\src\SparkFun_MS5803_I2C.h">
      <Filter>Header Files</Filter>
    </ClInclude>
    <ClInclude Include="TestPCAMain.h">
      <Filter>Header Files</Filter>
    </ClInclude>
    <ClInclude Include="SimpleCommunicator.h">
      <Filter>Header Files</Filter>
    </ClInclude>
    <ClInclude Include="SimpleMain.h">
      <Filter>Header Files</Filter>
    </ClInclude>
    <ClInclude Include="BluetoothPeriphery.h">
      <Filter>Header Files</Filter>
    </ClInclude>
    <ClInclude Include="DataReader.h">
      <Filter>Header Files</Filter>
    </ClInclude>
    <ClInclude Include="Hash.h">
      <Filter>Header Files</Filter>
    </ClInclude>
    <ClInclude Include="Libs\ADXL345_library\ADXL345_library.h">
      <Filter>Header Files</Filter>
    </ClInclude>
    <ClInclude Include="Libs\bma180\bma180.h">
      <Filter>Header Files</Filter>
    </ClInclude>
    <ClInclude Include="Libs\HMC58X3\HMC58X3.h">
      <Filter>Header Files</Filter>
    </ClInclude>
    <ClInclude Include="Libs\I2Cdev\I2Cdev.h">
      <Filter>Header Files</Filter>
    </ClInclude>
    <ClInclude Include="Libs\ITG3200_library\ITG3200.h">
      <Filter>Header Files</Filter>
    </ClInclude>
    <ClInclude Include="Libs\MPU60X0\MPU60X0.h">
      <Filter>Header Files</Filter>
    </ClInclude>
    <ClInclude Include="Libs\MS561101BA\MS561101BA.h">
      <Filter>Header Files</Filter>
    </ClInclude>
    <ClInclude Include="Libs\DebugUtils\DebugUtils.h">
      <Filter>Header Files</Filter>
    </ClInclude>
    <ClInclude Include="Libs\FreeIMU\FreeIMU.h">
      <Filter>Header Files</Filter>
    </ClInclude>
    <ClInclude Include="Libs\FreeIMU\calibration.h">
      <Filter>Header Files</Filter>
    </ClInclude>
    <ClInclude Include="Libs\FreeIMU\CommunicationUtils.h">
      <Filter>Header Files</Filter>
    </ClInclude>
  </ItemGroup>
  <ItemGroup>
    <ClCompile Include="SensorManager.cpp">
      <Filter>Sensors</Filter>
    </ClCompile>
    <ClCompile Include="SensorRotation.cpp">
      <Filter>Sensors</Filter>
    </ClCompile>
    <ClCompile Include="SensorDepth.cpp">
      <Filter>Sensors</Filter>
    </ClCompile>
    <ClCompile Include="Motor.cpp">
      <Filter>Movement</Filter>
    </ClCompile>
    <ClCompile Include="Movement.cpp">
      <Filter>Movement</Filter>
    </ClCompile>
    <ClCompile Include="ResourceLocker.cpp">
      <Filter>ResourceLocker</Filter>
    </ClCompile>
    <ClCompile Include="TaskPool.cpp">
      <Filter>Task</Filter>
    </ClCompile>
    <ClCompile Include="UdpConnectionProvider.cpp">
      <Filter>Communication\ConnectionProviders</Filter>
    </ClCompile>
    <ClCompile Include="Exceptions.cpp">
      <Filter>Exceptions</Filter>
    </ClCompile>
    <ClCompile Include="ConnectionProvider.cpp">
      <Filter>Communication\ConnectionProviders</Filter>
    </ClCompile>
    <ClCompile Include="Communicator.cpp">
      <Filter>Communication\Communicators</Filter>
    </ClCompile>
    <ClCompile Include="StdCommunicator.cpp">
      <Filter>Communication\Communicators</Filter>
    </ClCompile>
    <ClCompile Include="DebugMotorsMain.cpp">
      <Filter>Main</Filter>
    </ClCompile>
    <ClCompile Include="StdMain.cpp">
      <Filter>Main</Filter>
    </ClCompile>
    <ClCompile Include="ManipulatorPeriphery.cpp">
      <Filter>Periphery\Manipulator</Filter>
    </ClCompile>
    <ClCompile Include="PCA9685ServoMotor.cpp">
      <Filter>Periphery</Filter>
    </ClCompile>
    <ClCompile Include="SetFlashLightStateTask.cpp">
      <Filter>Task\Tasks</Filter>
    </ClCompile>
    <ClCompile Include="BlinkFlashLightTask.cpp">
      <Filter>Task\Tasks</Filter>
    </ClCompile>
    <ClCompile Include="SendSensorDataTask.cpp">
      <Filter>Task\Tasks</Filter>
    </ClCompile>
    <ClCompile Include="PCA96685Motor.cpp">
      <Filter>Movement\Motors</Filter>
    </ClCompile>
    <ClCompile Include="MS5803SensorDepth.cpp">
      <Filter>Sensors</Filter>
    </ClCompile>
    <ClCompile Include="ReceiveBluetoothMessageTask.cpp">
      <Filter>Task\Tasks</Filter>
    </ClCompile>
    <ClCompile Include="I2CScanTask.cpp">
      <Filter>Task\Tasks</Filter>
    </ClCompile>
    <ClCompile Include="UARTConnectionProvider.cpp" />
    <ClCompile Include="Libs\Adafruit_PWMServoDriver\Adafruit_PWMServoDriver.cpp" />
    <ClCompile Include="Libs\PID\PID_v1.cpp" />
    <ClCompile Include="Libs\MS5803\src\SparkFun_MS5803_I2C.cpp" />
    <ClCompile Include="TestPCAMain.cpp" />
    <ClCompile Include="SimpleMain.cpp" />
    <ClCompile Include="BluetoothPeriphery.cpp" />
    <ClCompile Include="SimpleCommunicator.cpp">
      <Filter>Communication\Communicators</Filter>
    </ClCompile>
    <ClCompile Include="Libs\ADXL345_library\ADXL345_library.cpp" />
    <ClCompile Include="Libs\bma180\bma180.cpp" />
    <ClCompile Include="Libs\HMC58X3\HMC58X3.cpp" />
    <ClCompile Include="Libs\I2Cdev\I2Cdev.cpp" />
    <ClCompile Include="Libs\ITG3200_library\ITG3200.cpp" />
    <ClCompile Include="Libs\MPU60X0\MPU60X0.cpp" />
    <ClCompile Include="Libs\MS561101BA\MS561101BA.cpp" />
    <ClCompile Include="Libs\FreeIMU\FreeIMU.cpp" />
    <ClCompile Include="Libs\FreeIMU\CommunicationUtils.cpp" />
  </ItemGroup>
</Project>